
Microsoft Visual Studio Solution File, Format Version 12.00
# Visual Studio Version 17
VisualStudioVersion = 17.5.2.0
MinimumVisualStudioVersion = 10.0.40219.1
Project("{FAE04EC0-301F-11D3-BF4B-00C04F79EFBC}") = "AIChatActivityTracker", "AIChatActivityTracker.csproj", "{87E016C0-ED44-47C3-1281-269045493F39}"
EndProject
Project("{FAE04EC0-301F-11D3-BF4B-00C04F79EFBC}") = "AIChatActivityTracker.Tests", "..\AIChatActivityTracker.Tests\AIChatActivityTracker.Tests.csproj", "{B6B23DA7-C4C0-4D5F-8BB3-52BB688C842D}"
EndProject
Global
	GlobalSection(SolutionConfigurationPlatforms) = preSolution
		Debug|Any CPU = Debug|Any CPU
		Debug|x64 = Debug|x64
		Debug|x86 = Debug|x86
		Release|Any CPU = Release|Any CPU
		Release|x64 = Release|x64
		Release|x86 = Release|x86
	EndGlobalSection
	GlobalSection(ProjectConfigurationPlatforms) = postSolution
		{87E016C0-ED44-47C3-1281-269045493F39}.Debug|Any CPU.ActiveCfg = Debug|Any CPU
		{87E016C0-ED44-47C3-1281-269045493F39}.Debug|Any CPU.Build.0 = Debug|Any CPU
		{87E016C0-ED44-47C3-1281-269045493F39}.Debug|x64.ActiveCfg = Debug|Any CPU
		{87E016C0-ED44-47C3-1281-269045493F39}.Debug|x64.Build.0 = Debug|Any CPU
		{87E016C0-ED44-47C3-1281-269045493F39}.Debug|x86.ActiveCfg = Debug|Any CPU
		{87E016C0-ED44-47C3-1281-269045493F39}.Debug|x86.Build.0 = Debug|Any CPU
		{87E016C0-ED44-47C3-1281-269045493F39}.Release|Any CPU.ActiveCfg = Release|Any CPU
		{87E016C0-ED44-47C3-1281-269045493F39}.Release|Any CPU.Build.0 = Release|Any CPU
		{87E016C0-ED44-47C3-1281-269045493F39}.Release|x64.ActiveCfg = Release|Any CPU
		{87E016C0-ED44-47C3-1281-269045493F39}.Release|x64.Build.0 = Release|Any CPU
		{87E016C0-ED44-47C3-1281-269045493F39}.Release|x86.ActiveCfg = Release|Any CPU
		{87E016C0-ED44-47C3-1281-269045493F39}.Release|x86.Build.0 = Release|Any CPU
		{B6B23DA7-C4C0-4D5F-8BB3-52BB688C842D}.Debug|Any CPU.ActiveCfg = Debug|Any CPU
		{B6B23DA7-C4C0-4D5F-8BB3-52BB688C842D}.Debug|Any CPU.Build.0 = Debug|Any CPU
		{B6B23DA7-C4C0-4D5F-8BB3-52BB688C842D}.Debug|x64.ActiveCfg = Debug|Any CPU
		{B6B23DA7-C4C0-4D5F-8BB3-52BB688C842D}.Debug|x64.Build.0 = Debug|Any CPU
		{B6B23DA7-C4C0-4D5F-8BB3-52BB688C842D}.Debug|x86.ActiveCfg = Debug|Any CPU
		{B6B23DA7-C4C0-4D5F-8BB3-52BB688C842D}.Debug|x86.Build.0 = Debug|Any CPU
		{B6B23DA7-C4C0-4D5F-8BB3-52BB688C842D}.Release|Any CPU.ActiveCfg = Release|Any CPU
		{B6B23DA7-C4C0-4D5F-8BB3-52BB688C842D}.Release|Any CPU.Build.0 = Release|Any CPU
		{B6B23DA7-C4C0-4D5F-8BB3-52BB688C842D}.Release|x64.ActiveCfg = Release|Any CPU
		{B6B23DA7-C4C0-4D5F-8BB3-52BB688C842D}.Release|x64.Build.0 = Release|Any CPU
		{B6B23DA7-C4C0-4D5F-8BB3-52BB688C842D}.Release|x86.ActiveCfg = Release|Any CPU
		{B6B23DA7-C4C0-4D5F-8BB3-52BB688C842D}.Release|x86.Build.0 = Release|Any CPU
	EndGlobalSection
	GlobalSection(SolutionProperties) = preSolution
		HideSolutionNode = FALSE
	EndGlobalSection
	GlobalSection(ExtensibilityGlobals) = postSolution
		SolutionGuid = {B8616A29-F095-423E-A02A-AF4526ABD5C3}
	EndGlobalSection
EndGlobal
